
Microsoft Visual Studio Solution File, Format Version 12.00
# Visual Studio Version 16
VisualStudioVersion = 16.0.32901.82
MinimumVisualStudioVersion = 10.0.40219.1
Project("{9A19103F-16F7-4668-BE54-9A1E7A4F7556}") = "ECommerce.Api.Products", "ECommerce.Api.Products\ECommerce.Api.Products.csproj", "{E80359B1-4A2D-412A-A800-191CF530DE48}"
EndProject
Project("{9A19103F-16F7-4668-BE54-9A1E7A4F7556}") = "ECommerce.Api.Customers", "ECommerce.Api.Customers\ECommerce.Api.Customers.csproj", "{1157493B-E16A-412F-881E-0E6B20F72334}"
EndProject
Project("{9A19103F-16F7-4668-BE54-9A1E7A4F7556}") = "ECommerce.Api.Orders", "ECommerce.Api.Orders\ECommerce.Api.Orders.csproj", "{F450BF2B-56A2-4804-B641-B7FAC6EEA356}"
EndProject
Project("{9A19103F-16F7-4668-BE54-9A1E7A4F7556}") = "ECommerce.Api.Search", "ECommerce.Api.Search\ECommerce.Api.Search.csproj", "{F02C39C8-B7BC-4F10-B312-5E3F61A48A99}"
EndProject
Project("{9A19103F-16F7-4668-BE54-9A1E7A4F7556}") = "ECommerce.Api.Products.Tests", "ECommerce.Api.Products.Tests\ECommerce.Api.Products.Tests.csproj", "{248BE897-33DA-401D-9381-EEC09F330FDA}"
EndProject
Project("{E53339B2-1760-4266-BCC7-CA923CBCF16C}") = "docker-compose", "docker-compose.dcproj", "{C056F2D0-B04E-423F-9931-401B354A95F2}"
EndProject
Global
	GlobalSection(SolutionConfigurationPlatforms) = preSolution
		Debug|Any CPU = Debug|Any CPU
		Release|Any CPU = Release|Any CPU
	EndGlobalSection
	GlobalSection(ProjectConfigurationPlatforms) = postSolution
		{E80359B1-4A2D-412A-A800-191CF530DE48}.Debug|Any CPU.ActiveCfg = Debug|Any CPU
		{E80359B1-4A2D-412A-A800-191CF530DE48}.Debug|Any CPU.Build.0 = Debug|Any CPU
		{E80359B1-4A2D-412A-A800-191CF530DE48}.Release|Any CPU.ActiveCfg = Release|Any CPU
		{E80359B1-4A2D-412A-A800-191CF530DE48}.Release|Any CPU.Build.0 = Release|Any CPU
		{1157493B-E16A-412F-881E-0E6B20F72334}.Debug|Any CPU.ActiveCfg = Debug|Any CPU
		{1157493B-E16A-412F-881E-0E6B20F72334}.Debug|Any CPU.Build.0 = Debug|Any CPU
		{1157493B-E16A-412F-881E-0E6B20F72334}.Release|Any CPU.ActiveCfg = Release|Any CPU
		{1157493B-E16A-412F-881E-0E6B20F72334}.Release|Any CPU.Build.0 = Release|Any CPU
		{F450BF2B-56A2-4804-B641-B7FAC6EEA356}.Debug|Any CPU.ActiveCfg = Debug|Any CPU
		{F450BF2B-56A2-4804-B641-B7FAC6EEA356}.Debug|Any CPU.Build.0 = Debug|Any CPU
		{F450BF2B-56A2-4804-B641-B7FAC6EEA356}.Release|Any CPU.ActiveCfg = Release|Any CPU
		{F450BF2B-56A2-4804-B641-B7FAC6EEA356}.Release|Any CPU.Build.0 = Release|Any CPU
		{F02C39C8-B7BC-4F10-B312-5E3F61A48A99}.Debug|Any CPU.ActiveCfg = Debug|Any CPU
		{F02C39C8-B7BC-4F10-B312-5E3F61A48A99}.Debug|Any CPU.Build.0 = Debug|Any CPU
		{F02C39C8-B7BC-4F10-B312-5E3F61A48A99}.Release|Any CPU.ActiveCfg = Release|Any CPU
		{F02C39C8-B7BC-4F10-B312-5E3F61A48A99}.Release|Any CPU.Build.0 = Release|Any CPU
		{248BE897-33DA-401D-9381-EEC09F330FDA}.Debug|Any CPU.ActiveCfg = Debug|Any CPU
		{248BE897-33DA-401D-9381-EEC09F330FDA}.Debug|Any CPU.Build.0 = Debug|Any CPU
		{248BE897-33DA-401D-9381-EEC09F330FDA}.Release|Any CPU.ActiveCfg = Release|Any CPU
		{248BE897-33DA-401D-9381-EEC09F330FDA}.Release|Any CPU.Build.0 = Release|Any CPU
		{C056F2D0-B04E-423F-9931-401B354A95F2}.Debug|Any CPU.ActiveCfg = Debug|Any CPU
		{C056F2D0-B04E-423F-9931-401B354A95F2}.Debug|Any CPU.Build.0 = Debug|Any CPU
		{C056F2D0-B04E-423F-9931-401B354A95F2}.Release|Any CPU.ActiveCfg = Release|Any CPU
		{C056F2D0-B04E-423F-9931-401B354A95F2}.Release|Any CPU.Build.0 = Release|Any CPU
	EndGlobalSection
	GlobalSection(SolutionProperties) = preSolution
		HideSolutionNode = FALSE
	EndGlobalSection
	GlobalSection(ExtensibilityGlobals) = postSolution
		SolutionGuid = {A042C98B-3B03-430F-82F9-DB4F24C16400}
	EndGlobalSection
EndGlobal
